
Microsoft Visual Studio Solution File, Format Version 12.00
# Visual Studio 2013
VisualStudioVersion = 12.0.21005.1
MinimumVisualStudioVersion = 10.0.40219.1
Project("{FAE04EC0-301F-11D3-BF4B-00C04F79EFBC}") = "Ex1", "Ex1\Ex1.csproj", "{DED6849E-1A93-47AE-9A21-48359574DA5F}"
EndProject
Global
	GlobalSection(SolutionConfigurationPlatforms) = preSolution
		Debug|Any CPU = Debug|Any CPU
		Release|Any CPU = Release|Any CPU
	EndGlobalSection
	GlobalSection(ProjectConfigurationPlatforms) = postSolution
		{DED6849E-1A93-47AE-9A21-48359574DA5F}.Debug|Any CPU.ActiveCfg = Debug|Any CPU
		{DED6849E-1A93-47AE-9A21-48359574DA5F}.Debug|Any CPU.Build.0 = Debug|Any CPU
		{DED6849E-1A93-47AE-9A21-48359574DA5F}.Release|Any CPU.ActiveCfg = Release|Any CPU
		{DED6849E-1A93-47AE-9A21-48359574DA5F}.Release|Any CPU.Build.0 = Release|Any CPU
	EndGlobalSection
	GlobalSection(SolutionProperties) = preSolution
		HideSolutionNode = FALSE
	EndGlobalSection
EndGlobal
